
Microsoft Visual Studio Solution File, Format Version 12.00
# Visual Studio Version 16
VisualStudioVersion = 16.0.33214.272
MinimumVisualStudioVersion = 10.0.40219.1
Project("{FAE04EC0-301F-11D3-BF4B-00C04F79EFBC}") = "PresentationLayer", "PresentationLayer\PresentationLayer.csproj", "{DB61588A-68AD-48D5-B1D6-E8BD33987910}"
EndProject
Project("{FAE04EC0-301F-11D3-BF4B-00C04F79EFBC}") = "DataAccessInterfaces", "DataAccessInterfaces\DataAccessInterfaces.csproj", "{0620425A-C9AE-4E4D-93C6-373A2B3D30EB}"
EndProject
Project("{FAE04EC0-301F-11D3-BF4B-00C04F79EFBC}") = "LogicUnitTests", "LogicUnitTests\LogicUnitTests.csproj", "{01AC6DA0-D486-4636-9C9F-C8359278BA48}"
EndProject
Project("{FAE04EC0-301F-11D3-BF4B-00C04F79EFBC}") = "LogicLayer", "LogicLayer\LogicLayer.csproj", "{C8D26CF1-28E2-434D-9775-956404337A56}"
EndProject
Project("{FAE04EC0-301F-11D3-BF4B-00C04F79EFBC}") = "LogicLayerInterfaces", "LogicLayerInterfaces\LogicLayerInterfaces.csproj", "{4E24D474-015A-4856-AC23-76D775908A38}"
EndProject
Project("{FAE04EC0-301F-11D3-BF4B-00C04F79EFBC}") = "DataAccesslayer", "DataAccesslayer\DataAccesslayer.csproj", "{14EF3D72-082B-48CE-9395-8733B3DAE87E}"
EndProject
Project("{FAE04EC0-301F-11D3-BF4B-00C04F79EFBC}") = "DataAccessFakes", "DataAccessFakes\DataAccessFakes.csproj", "{141D1ED0-7114-4ABD-8B7E-E5C8C69130FE}"
EndProject
Project("{FAE04EC0-301F-11D3-BF4B-00C04F79EFBC}") = "DataObjects", "DataObjects\DataObjects.csproj", "{4648AF26-E915-4C28-B03B-16EB7D81B91F}"
EndProject
Project("{FAE04EC0-301F-11D3-BF4B-00C04F79EFBC}") = "PokeBindaWebsite", "PokeBindaWebsite\PokeBindaWebsite.csproj", "{7925BB80-7CC4-4AF5-99AE-775978665C81}"
EndProject
Global
	GlobalSection(SolutionConfigurationPlatforms) = preSolution
		Debug|Any CPU = Debug|Any CPU
		Release|Any CPU = Release|Any CPU
	EndGlobalSection
	GlobalSection(ProjectConfigurationPlatforms) = postSolution
		{DB61588A-68AD-48D5-B1D6-E8BD33987910}.Debug|Any CPU.ActiveCfg = Debug|Any CPU
		{DB61588A-68AD-48D5-B1D6-E8BD33987910}.Debug|Any CPU.Build.0 = Debug|Any CPU
		{DB61588A-68AD-48D5-B1D6-E8BD33987910}.Release|Any CPU.ActiveCfg = Release|Any CPU
		{DB61588A-68AD-48D5-B1D6-E8BD33987910}.Release|Any CPU.Build.0 = Release|Any CPU
		{0620425A-C9AE-4E4D-93C6-373A2B3D30EB}.Debug|Any CPU.ActiveCfg = Debug|Any CPU
		{0620425A-C9AE-4E4D-93C6-373A2B3D30EB}.Debug|Any CPU.Build.0 = Debug|Any CPU
		{0620425A-C9AE-4E4D-93C6-373A2B3D30EB}.Release|Any CPU.ActiveCfg = Release|Any CPU
		{0620425A-C9AE-4E4D-93C6-373A2B3D30EB}.Release|Any CPU.Build.0 = Release|Any CPU
		{01AC6DA0-D486-4636-9C9F-C8359278BA48}.Debug|Any CPU.ActiveCfg = Debug|Any CPU
		{01AC6DA0-D486-4636-9C9F-C8359278BA48}.Debug|Any CPU.Build.0 = Debug|Any CPU
		{01AC6DA0-D486-4636-9C9F-C8359278BA48}.Release|Any CPU.ActiveCfg = Release|Any CPU
		{01AC6DA0-D486-4636-9C9F-C8359278BA48}.Release|Any CPU.Build.0 = Release|Any CPU
		{C8D26CF1-28E2-434D-9775-956404337A56}.Debug|Any CPU.ActiveCfg = Debug|Any CPU
		{C8D26CF1-28E2-434D-9775-956404337A56}.Debug|Any CPU.Build.0 = Debug|Any CPU
		{C8D26CF1-28E2-434D-9775-956404337A56}.Release|Any CPU.ActiveCfg = Release|Any CPU
		{C8D26CF1-28E2-434D-9775-956404337A56}.Release|Any CPU.Build.0 = Release|Any CPU
		{4E24D474-015A-4856-AC23-76D775908A38}.Debug|Any CPU.ActiveCfg = Debug|Any CPU
		{4E24D474-015A-4856-AC23-76D775908A38}.Debug|Any CPU.Build.0 = Debug|Any CPU
		{4E24D474-015A-4856-AC23-76D775908A38}.Release|Any CPU.ActiveCfg = Release|Any CPU
		{4E24D474-015A-4856-AC23-76D775908A38}.Release|Any CPU.Build.0 = Release|Any CPU
		{14EF3D72-082B-48CE-9395-8733B3DAE87E}.Debug|Any CPU.ActiveCfg = Debug|Any CPU
		{14EF3D72-082B-48CE-9395-8733B3DAE87E}.Debug|Any CPU.Build.0 = Debug|Any CPU
		{14EF3D72-082B-48CE-9395-8733B3DAE87E}.Release|Any CPU.ActiveCfg = Release|Any CPU
		{14EF3D72-082B-48CE-9395-8733B3DAE87E}.Release|Any CPU.Build.0 = Release|Any CPU
		{141D1ED0-7114-4ABD-8B7E-E5C8C69130FE}.Debug|Any CPU.ActiveCfg = Debug|Any CPU
		{141D1ED0-7114-4ABD-8B7E-E5C8C69130FE}.Debug|Any CPU.Build.0 = Debug|Any CPU
		{141D1ED0-7114-4ABD-8B7E-E5C8C69130FE}.Release|Any CPU.ActiveCfg = Release|Any CPU
		{141D1ED0-7114-4ABD-8B7E-E5C8C69130FE}.Release|Any CPU.Build.0 = Release|Any CPU
		{4648AF26-E915-4C28-B03B-16EB7D81B91F}.Debug|Any CPU.ActiveCfg = Debug|Any CPU
		{4648AF26-E915-4C28-B03B-16EB7D81B91F}.Debug|Any CPU.Build.0 = Debug|Any CPU
		{4648AF26-E915-4C28-B03B-16EB7D81B91F}.Release|Any CPU.ActiveCfg = Release|Any CPU
		{4648AF26-E915-4C28-B03B-16EB7D81B91F}.Release|Any CPU.Build.0 = Release|Any CPU
		{7925BB80-7CC4-4AF5-99AE-775978665C81}.Debug|Any CPU.ActiveCfg = Debug|Any CPU
		{7925BB80-7CC4-4AF5-99AE-775978665C81}.Debug|Any CPU.Build.0 = Debug|Any CPU
		{7925BB80-7CC4-4AF5-99AE-775978665C81}.Release|Any CPU.ActiveCfg = Release|Any CPU
		{7925BB80-7CC4-4AF5-99AE-775978665C81}.Release|Any CPU.Build.0 = Release|Any CPU
	EndGlobalSection
	GlobalSection(SolutionProperties) = preSolution
		HideSolutionNode = FALSE
	EndGlobalSection
	GlobalSection(ExtensibilityGlobals) = postSolution
		SolutionGuid = {A918977F-B159-4492-8806-5E27DA971268}
	EndGlobalSection
EndGlobal
